
Microsoft Visual Studio Solution File, Format Version 12.00
# Visual Studio Version 17
VisualStudioVersion = 17.5.33502.453
MinimumVisualStudioVersion = 10.0.40219.1
Project("{9A19103F-16F7-4668-BE54-9A1E7A4F7556}") = "DTOs", "DTOs\DTOs.csproj", "{6ED14AE0-FF51-48A7-8742-CA33BC1833AE}"
EndProject
Project("{2150E333-8FDC-42A3-9474-1A3956D46DE8}") = "0-DTO", "0-DTO", "{A45AA6FA-B72B-433F-A72D-6CF36297CFB0}"
EndProject
Project("{2150E333-8FDC-42A3-9474-1A3956D46DE8}") = "1-DataAccess", "1-DataAccess", "{57E2981A-9913-4E69-A875-D4BE49D8ED7F}"
EndProject
Project("{9A19103F-16F7-4668-BE54-9A1E7A4F7556}") = "DataAccess", "DataAccess\DataAccess.csproj", "{1C570318-B690-4267-AABC-77BE7657CB2C}"
EndProject
Project("{2150E333-8FDC-42A3-9474-1A3956D46DE8}") = "2-Core", "2-Core", "{221350F5-2152-4ECC-B663-D8759C7A2D1D}"
EndProject
Project("{9A19103F-16F7-4668-BE54-9A1E7A4F7556}") = "Core", "Core\Core.csproj", "{3B724DD3-9A9C-4513-894B-A52A02031648}"
EndProject
Project("{2150E333-8FDC-42A3-9474-1A3956D46DE8}") = "3-WebAPI", "3-WebAPI", "{947755C7-1F09-4E99-80E6-0AFE924648F2}"
EndProject
Project("{9A19103F-16F7-4668-BE54-9A1E7A4F7556}") = "WebApi", "WebApi\WebApi.csproj", "{9956D81B-AA30-4322-A098-8C12B22817A9}"
EndProject
Project("{2150E333-8FDC-42A3-9474-1A3956D46DE8}") = "4-WebApp", "4-WebApp", "{EB774118-5CFE-4F57-A4B8-D5A47B530A66}"
EndProject
Project("{9A19103F-16F7-4668-BE54-9A1E7A4F7556}") = "WebApp", "WebApp\WebApp.csproj", "{D355BB00-C1CE-47F7-A6B1-0A865CD406E6}"
EndProject
Global
	GlobalSection(SolutionConfigurationPlatforms) = preSolution
		Debug|Any CPU = Debug|Any CPU
		Release|Any CPU = Release|Any CPU
	EndGlobalSection
	GlobalSection(ProjectConfigurationPlatforms) = postSolution
		{6ED14AE0-FF51-48A7-8742-CA33BC1833AE}.Debug|Any CPU.ActiveCfg = Debug|Any CPU
		{6ED14AE0-FF51-48A7-8742-CA33BC1833AE}.Debug|Any CPU.Build.0 = Debug|Any CPU
		{6ED14AE0-FF51-48A7-8742-CA33BC1833AE}.Release|Any CPU.ActiveCfg = Release|Any CPU
		{6ED14AE0-FF51-48A7-8742-CA33BC1833AE}.Release|Any CPU.Build.0 = Release|Any CPU
		{1C570318-B690-4267-AABC-77BE7657CB2C}.Debug|Any CPU.ActiveCfg = Debug|Any CPU
		{1C570318-B690-4267-AABC-77BE7657CB2C}.Debug|Any CPU.Build.0 = Debug|Any CPU
		{1C570318-B690-4267-AABC-77BE7657CB2C}.Release|Any CPU.ActiveCfg = Release|Any CPU
		{1C570318-B690-4267-AABC-77BE7657CB2C}.Release|Any CPU.Build.0 = Release|Any CPU
		{3B724DD3-9A9C-4513-894B-A52A02031648}.Debug|Any CPU.ActiveCfg = Debug|Any CPU
		{3B724DD3-9A9C-4513-894B-A52A02031648}.Debug|Any CPU.Build.0 = Debug|Any CPU
		{3B724DD3-9A9C-4513-894B-A52A02031648}.Release|Any CPU.ActiveCfg = Release|Any CPU
		{3B724DD3-9A9C-4513-894B-A52A02031648}.Release|Any CPU.Build.0 = Release|Any CPU
		{9956D81B-AA30-4322-A098-8C12B22817A9}.Debug|Any CPU.ActiveCfg = Debug|Any CPU
		{9956D81B-AA30-4322-A098-8C12B22817A9}.Debug|Any CPU.Build.0 = Debug|Any CPU
		{9956D81B-AA30-4322-A098-8C12B22817A9}.Release|Any CPU.ActiveCfg = Release|Any CPU
		{9956D81B-AA30-4322-A098-8C12B22817A9}.Release|Any CPU.Build.0 = Release|Any CPU
		{D355BB00-C1CE-47F7-A6B1-0A865CD406E6}.Debug|Any CPU.ActiveCfg = Debug|Any CPU
		{D355BB00-C1CE-47F7-A6B1-0A865CD406E6}.Debug|Any CPU.Build.0 = Debug|Any CPU
		{D355BB00-C1CE-47F7-A6B1-0A865CD406E6}.Release|Any CPU.ActiveCfg = Release|Any CPU
		{D355BB00-C1CE-47F7-A6B1-0A865CD406E6}.Release|Any CPU.Build.0 = Release|Any CPU
	EndGlobalSection
	GlobalSection(SolutionProperties) = preSolution
		HideSolutionNode = FALSE
	EndGlobalSection
	GlobalSection(NestedProjects) = preSolution
		{6ED14AE0-FF51-48A7-8742-CA33BC1833AE} = {A45AA6FA-B72B-433F-A72D-6CF36297CFB0}
		{1C570318-B690-4267-AABC-77BE7657CB2C} = {57E2981A-9913-4E69-A875-D4BE49D8ED7F}
		{3B724DD3-9A9C-4513-894B-A52A02031648} = {221350F5-2152-4ECC-B663-D8759C7A2D1D}
		{9956D81B-AA30-4322-A098-8C12B22817A9} = {947755C7-1F09-4E99-80E6-0AFE924648F2}
		{D355BB00-C1CE-47F7-A6B1-0A865CD406E6} = {EB774118-5CFE-4F57-A4B8-D5A47B530A66}
	EndGlobalSection
	GlobalSection(ExtensibilityGlobals) = postSolution
		SolutionGuid = {BA6A42FE-CAE7-4C18-8445-4479D6868AA5}
	EndGlobalSection
EndGlobal
